
Microsoft Visual Studio Solution File, Format Version 12.00
# Visual Studio 15
VisualStudioVersion = 15.0.28010.2036
MinimumVisualStudioVersion = 10.0.40219.1
Project("{FAE04EC0-301F-11D3-BF4B-00C04F79EFBC}") = "Quarto_0.2", "Quarto_0.2\Quarto_0.2.csproj", "{38B87038-594E-4514-9BEE-5DA5BD96F64E}"
EndProject
Global
	GlobalSection(SolutionConfigurationPlatforms) = preSolution
		Debug|Any CPU = Debug|Any CPU
		Release|Any CPU = Release|Any CPU
	EndGlobalSection
	GlobalSection(ProjectConfigurationPlatforms) = postSolution
		{38B87038-594E-4514-9BEE-5DA5BD96F64E}.Debug|Any CPU.ActiveCfg = Debug|Any CPU
		{38B87038-594E-4514-9BEE-5DA5BD96F64E}.Debug|Any CPU.Build.0 = Debug|Any CPU
		{38B87038-594E-4514-9BEE-5DA5BD96F64E}.Release|Any CPU.ActiveCfg = Release|Any CPU
		{38B87038-594E-4514-9BEE-5DA5BD96F64E}.Release|Any CPU.Build.0 = Release|Any CPU
	EndGlobalSection
	GlobalSection(SolutionProperties) = preSolution
		HideSolutionNode = FALSE
	EndGlobalSection
	GlobalSection(ExtensibilityGlobals) = postSolution
		SolutionGuid = {29116608-62DA-4542-BEA1-8108641020AB}
	EndGlobalSection
EndGlobal
